
Microsoft Visual Studio Solution File, Format Version 12.00
# Visual Studio Version 16
VisualStudioVersion = 16.0.30011.22
MinimumVisualStudioVersion = 10.0.40219.1
Project("{FAE04EC0-301F-11D3-BF4B-00C04F79EFBC}") = "SmartHome.UWP", "src\SmartHome.UWP\SmartHome.UWP.csproj", "{52C8515F-46D9-4664-8FA9-7E48052D4659}"
EndProject
Project("{FAE04EC0-301F-11D3-BF4B-00C04F79EFBC}") = "SmartHome.Android", "src\SmartHome.Android\SmartHome.Android.csproj", "{AE8C52AD-D5CC-4578-893B-4831BA7A83B6}"
EndProject
Project("{FAE04EC0-301F-11D3-BF4B-00C04F79EFBC}") = "SmartHome.iOS", "src\SmartHome.iOS\SmartHome.iOS.csproj", "{6CCA42D5-3C94-49C1-92D0-D9471396F783}"
EndProject
Project("{FAE04EC0-301F-11D3-BF4B-00C04F79EFBC}") = "SmartHome", "src\SmartHome\SmartHome.csproj", "{D738A649-D36B-46FA-A0D8-C9FB34547BF9}"
EndProject
Global
	GlobalSection(SolutionConfigurationPlatforms) = preSolution
		Debug|Any CPU = Debug|Any CPU
		Debug|ARM = Debug|ARM
		Debug|iPhone = Debug|iPhone
		Debug|iPhoneSimulator = Debug|iPhoneSimulator
		Debug|x64 = Debug|x64
		Debug|x86 = Debug|x86
		Release|Any CPU = Release|Any CPU
		Release|ARM = Release|ARM
		Release|iPhone = Release|iPhone
		Release|iPhoneSimulator = Release|iPhoneSimulator
		Release|x64 = Release|x64
		Release|x86 = Release|x86
	EndGlobalSection
	GlobalSection(ProjectConfigurationPlatforms) = postSolution
		{52C8515F-46D9-4664-8FA9-7E48052D4659}.Debug|Any CPU.ActiveCfg = Debug|x86
		{52C8515F-46D9-4664-8FA9-7E48052D4659}.Debug|Any CPU.Build.0 = Debug|x86
		{52C8515F-46D9-4664-8FA9-7E48052D4659}.Debug|Any CPU.Deploy.0 = Debug|x86
		{52C8515F-46D9-4664-8FA9-7E48052D4659}.Debug|ARM.ActiveCfg = Debug|ARM
		{52C8515F-46D9-4664-8FA9-7E48052D4659}.Debug|ARM.Build.0 = Debug|ARM
		{52C8515F-46D9-4664-8FA9-7E48052D4659}.Debug|ARM.Deploy.0 = Debug|ARM
		{52C8515F-46D9-4664-8FA9-7E48052D4659}.Debug|iPhone.ActiveCfg = Debug|x86
		{52C8515F-46D9-4664-8FA9-7E48052D4659}.Debug|iPhone.Build.0 = Debug|x86
		{52C8515F-46D9-4664-8FA9-7E48052D4659}.Debug|iPhone.Deploy.0 = Debug|x86
		{52C8515F-46D9-4664-8FA9-7E48052D4659}.Debug|iPhoneSimulator.ActiveCfg = Debug|x86
		{52C8515F-46D9-4664-8FA9-7E48052D4659}.Debug|iPhoneSimulator.Build.0 = Debug|x86
		{52C8515F-46D9-4664-8FA9-7E48052D4659}.Debug|iPhoneSimulator.Deploy.0 = Debug|x86
		{52C8515F-46D9-4664-8FA9-7E48052D4659}.Debug|x64.ActiveCfg = Debug|x64
		{52C8515F-46D9-4664-8FA9-7E48052D4659}.Debug|x64.Build.0 = Debug|x64
		{52C8515F-46D9-4664-8FA9-7E48052D4659}.Debug|x64.Deploy.0 = Debug|x64
		{52C8515F-46D9-4664-8FA9-7E48052D4659}.Debug|x86.ActiveCfg = Debug|x86
		{52C8515F-46D9-4664-8FA9-7E48052D4659}.Debug|x86.Build.0 = Debug|x86
		{52C8515F-46D9-4664-8FA9-7E48052D4659}.Debug|x86.Deploy.0 = Debug|x86
		{52C8515F-46D9-4664-8FA9-7E48052D4659}.Release|Any CPU.ActiveCfg = Release|x86
		{52C8515F-46D9-4664-8FA9-7E48052D4659}.Release|Any CPU.Build.0 = Release|x86
		{52C8515F-46D9-4664-8FA9-7E48052D4659}.Release|Any CPU.Deploy.0 = Release|x86
		{52C8515F-46D9-4664-8FA9-7E48052D4659}.Release|ARM.ActiveCfg = Release|ARM
		{52C8515F-46D9-4664-8FA9-7E48052D4659}.Release|ARM.Build.0 = Release|ARM
		{52C8515F-46D9-4664-8FA9-7E48052D4659}.Release|ARM.Deploy.0 = Release|ARM
		{52C8515F-46D9-4664-8FA9-7E48052D4659}.Release|iPhone.ActiveCfg = Release|x86
		{52C8515F-46D9-4664-8FA9-7E48052D4659}.Release|iPhone.Build.0 = Release|x86
		{52C8515F-46D9-4664-8FA9-7E48052D4659}.Release|iPhone.Deploy.0 = Release|x86
		{52C8515F-46D9-4664-8FA9-7E48052D4659}.Release|iPhoneSimulator.ActiveCfg = Release|x86
		{52C8515F-46D9-4664-8FA9-7E48052D4659}.Release|iPhoneSimulator.Build.0 = Release|x86
		{52C8515F-46D9-4664-8FA9-7E48052D4659}.Release|iPhoneSimulator.Deploy.0 = Release|x86
		{52C8515F-46D9-4664-8FA9-7E48052D4659}.Release|x64.ActiveCfg = Release|x64
		{52C8515F-46D9-4664-8FA9-7E48052D4659}.Release|x64.Build.0 = Release|x64
		{52C8515F-46D9-4664-8FA9-7E48052D4659}.Release|x64.Deploy.0 = Release|x64
		{52C8515F-46D9-4664-8FA9-7E48052D4659}.Release|x86.ActiveCfg = Release|x86
		{52C8515F-46D9-4664-8FA9-7E48052D4659}.Release|x86.Build.0 = Release|x86
		{52C8515F-46D9-4664-8FA9-7E48052D4659}.Release|x86.Deploy.0 = Release|x86
		{AE8C52AD-D5CC-4578-893B-4831BA7A83B6}.Debug|Any CPU.ActiveCfg = Debug|Any CPU
		{AE8C52AD-D5CC-4578-893B-4831BA7A83B6}.Debug|Any CPU.Build.0 = Debug|Any CPU
		{AE8C52AD-D5CC-4578-893B-4831BA7A83B6}.Debug|Any CPU.Deploy.0 = Debug|Any CPU
		{AE8C52AD-D5CC-4578-893B-4831BA7A83B6}.Debug|ARM.ActiveCfg = Debug|Any CPU
		{AE8C52AD-D5CC-4578-893B-4831BA7A83B6}.Debug|ARM.Build.0 = Debug|Any CPU
		{AE8C52AD-D5CC-4578-893B-4831BA7A83B6}.Debug|ARM.Deploy.0 = Debug|Any CPU
		{AE8C52AD-D5CC-4578-893B-4831BA7A83B6}.Debug|iPhone.ActiveCfg = Debug|Any CPU
		{AE8C52AD-D5CC-4578-893B-4831BA7A83B6}.Debug|iPhone.Build.0 = Debug|Any CPU
		{AE8C52AD-D5CC-4578-893B-4831BA7A83B6}.Debug|iPhone.Deploy.0 = Debug|Any CPU
		{AE8C52AD-D5CC-4578-893B-4831BA7A83B6}.Debug|iPhoneSimulator.ActiveCfg = Debug|Any CPU
		{AE8C52AD-D5CC-4578-893B-4831BA7A83B6}.Debug|iPhoneSimulator.Build.0 = Debug|Any CPU
		{AE8C52AD-D5CC-4578-893B-4831BA7A83B6}.Debug|iPhoneSimulator.Deploy.0 = Debug|Any CPU
		{AE8C52AD-D5CC-4578-893B-4831BA7A83B6}.Debug|x64.ActiveCfg = Debug|Any CPU
		{AE8C52AD-D5CC-4578-893B-4831BA7A83B6}.Debug|x64.Build.0 = Debug|Any CPU
		{AE8C52AD-D5CC-4578-893B-4831BA7A83B6}.Debug|x64.Deploy.0 = Debug|Any CPU
		{AE8C52AD-D5CC-4578-893B-4831BA7A83B6}.Debug|x86.ActiveCfg = Debug|Any CPU
		{AE8C52AD-D5CC-4578-893B-4831BA7A83B6}.Debug|x86.Build.0 = Debug|Any CPU
		{AE8C52AD-D5CC-4578-893B-4831BA7A83B6}.Debug|x86.Deploy.0 = Debug|Any CPU
		{AE8C52AD-D5CC-4578-893B-4831BA7A83B6}.Release|Any CPU.ActiveCfg = Release|Any CPU
		{AE8C52AD-D5CC-4578-893B-4831BA7A83B6}.Release|Any CPU.Build.0 = Release|Any CPU
		{AE8C52AD-D5CC-4578-893B-4831BA7A83B6}.Release|Any CPU.Deploy.0 = Release|Any CPU
		{AE8C52AD-D5CC-4578-893B-4831BA7A83B6}.Release|ARM.ActiveCfg = Release|Any CPU
		{AE8C52AD-D5CC-4578-893B-4831BA7A83B6}.Release|ARM.Build.0 = Release|Any CPU
		{AE8C52AD-D5CC-4578-893B-4831BA7A83B6}.Release|ARM.Deploy.0 = Release|Any CPU
		{AE8C52AD-D5CC-4578-893B-4831BA7A83B6}.Release|iPhone.ActiveCfg = Release|Any CPU
		{AE8C52AD-D5CC-4578-893B-4831BA7A83B6}.Release|iPhone.Build.0 = Release|Any CPU
		{AE8C52AD-D5CC-4578-893B-4831BA7A83B6}.Release|iPhone.Deploy.0 = Release|Any CPU
		{AE8C52AD-D5CC-4578-893B-4831BA7A83B6}.Release|iPhoneSimulator.ActiveCfg = Release|Any CPU
		{AE8C52AD-D5CC-4578-893B-4831BA7A83B6}.Release|iPhoneSimulator.Build.0 = Release|Any CPU
		{AE8C52AD-D5CC-4578-893B-4831BA7A83B6}.Release|iPhoneSimulator.Deploy.0 = Release|Any CPU
		{AE8C52AD-D5CC-4578-893B-4831BA7A83B6}.Release|x64.ActiveCfg = Release|Any CPU
		{AE8C52AD-D5CC-4578-893B-4831BA7A83B6}.Release|x64.Build.0 = Release|Any CPU
		{AE8C52AD-D5CC-4578-893B-4831BA7A83B6}.Release|x64.Deploy.0 = Release|Any CPU
		{AE8C52AD-D5CC-4578-893B-4831BA7A83B6}.Release|x86.ActiveCfg = Release|Any CPU
		{AE8C52AD-D5CC-4578-893B-4831BA7A83B6}.Release|x86.Build.0 = Release|Any CPU
		{AE8C52AD-D5CC-4578-893B-4831BA7A83B6}.Release|x86.Deploy.0 = Release|Any CPU
		{6CCA42D5-3C94-49C1-92D0-D9471396F783}.Debug|Any CPU.ActiveCfg = Debug|iPhone
		{6CCA42D5-3C94-49C1-92D0-D9471396F783}.Debug|Any CPU.Build.0 = Debug|iPhone
		{6CCA42D5-3C94-49C1-92D0-D9471396F783}.Debug|Any CPU.Deploy.0 = Debug|iPhone
		{6CCA42D5-3C94-49C1-92D0-D9471396F783}.Debug|ARM.ActiveCfg = Debug|iPhone
		{6CCA42D5-3C94-49C1-92D0-D9471396F783}.Debug|ARM.Build.0 = Debug|iPhone
		{6CCA42D5-3C94-49C1-92D0-D9471396F783}.Debug|ARM.Deploy.0 = Debug|iPhone
		{6CCA42D5-3C94-49C1-92D0-D9471396F783}.Debug|iPhone.ActiveCfg = Debug|iPhone
		{6CCA42D5-3C94-49C1-92D0-D9471396F783}.Debug|iPhone.Build.0 = Debug|iPhone
		{6CCA42D5-3C94-49C1-92D0-D9471396F783}.Debug|iPhone.Deploy.0 = Debug|iPhone
		{6CCA42D5-3C94-49C1-92D0-D9471396F783}.Debug|iPhoneSimulator.ActiveCfg = Debug|iPhoneSimulator
		{6CCA42D5-3C94-49C1-92D0-D9471396F783}.Debug|iPhoneSimulator.Build.0 = Debug|iPhoneSimulator
		{6CCA42D5-3C94-49C1-92D0-D9471396F783}.Debug|iPhoneSimulator.Deploy.0 = Debug|iPhoneSimulator
		{6CCA42D5-3C94-49C1-92D0-D9471396F783}.Debug|x64.ActiveCfg = Debug|iPhone
		{6CCA42D5-3C94-49C1-92D0-D9471396F783}.Debug|x64.Build.0 = Debug|iPhone
		{6CCA42D5-3C94-49C1-92D0-D9471396F783}.Debug|x64.Deploy.0 = Debug|iPhone
		{6CCA42D5-3C94-49C1-92D0-D9471396F783}.Debug|x86.ActiveCfg = Debug|iPhone
		{6CCA42D5-3C94-49C1-92D0-D9471396F783}.Debug|x86.Build.0 = Debug|iPhone
		{6CCA42D5-3C94-49C1-92D0-D9471396F783}.Debug|x86.Deploy.0 = Debug|iPhone
		{6CCA42D5-3C94-49C1-92D0-D9471396F783}.Release|Any CPU.ActiveCfg = Release|iPhone
		{6CCA42D5-3C94-49C1-92D0-D9471396F783}.Release|Any CPU.Build.0 = Release|iPhone
		{6CCA42D5-3C94-49C1-92D0-D9471396F783}.Release|Any CPU.Deploy.0 = Release|iPhone
		{6CCA42D5-3C94-49C1-92D0-D9471396F783}.Release|ARM.ActiveCfg = Release|iPhone
		{6CCA42D5-3C94-49C1-92D0-D9471396F783}.Release|ARM.Build.0 = Release|iPhone
		{6CCA42D5-3C94-49C1-92D0-D9471396F783}.Release|ARM.Deploy.0 = Release|iPhone
		{6CCA42D5-3C94-49C1-92D0-D9471396F783}.Release|iPhone.ActiveCfg = Release|iPhone
		{6CCA42D5-3C94-49C1-92D0-D9471396F783}.Release|iPhone.Build.0 = Release|iPhone
		{6CCA42D5-3C94-49C1-92D0-D9471396F783}.Release|iPhone.Deploy.0 = Release|iPhone
		{6CCA42D5-3C94-49C1-92D0-D9471396F783}.Release|iPhoneSimulator.ActiveCfg = Release|iPhoneSimulator
		{6CCA42D5-3C94-49C1-92D0-D9471396F783}.Release|iPhoneSimulator.Build.0 = Release|iPhoneSimulator
		{6CCA42D5-3C94-49C1-92D0-D9471396F783}.Release|iPhoneSimulator.Deploy.0 = Release|iPhoneSimulator
		{6CCA42D5-3C94-49C1-92D0-D9471396F783}.Release|x64.ActiveCfg = Release|iPhone
		{6CCA42D5-3C94-49C1-92D0-D9471396F783}.Release|x64.Build.0 = Release|iPhone
		{6CCA42D5-3C94-49C1-92D0-D9471396F783}.Release|x64.Deploy.0 = Release|iPhone
		{6CCA42D5-3C94-49C1-92D0-D9471396F783}.Release|x86.ActiveCfg = Release|iPhone
		{6CCA42D5-3C94-49C1-92D0-D9471396F783}.Release|x86.Build.0 = Release|iPhone
		{6CCA42D5-3C94-49C1-92D0-D9471396F783}.Release|x86.Deploy.0 = Release|iPhone
		{D738A649-D36B-46FA-A0D8-C9FB34547BF9}.Debug|Any CPU.ActiveCfg = Debug|Any CPU
		{D738A649-D36B-46FA-A0D8-C9FB34547BF9}.Debug|Any CPU.Build.0 = Debug|Any CPU
		{D738A649-D36B-46FA-A0D8-C9FB34547BF9}.Debug|Any CPU.Deploy.0 = Debug|Any CPU
		{D738A649-D36B-46FA-A0D8-C9FB34547BF9}.Debug|ARM.ActiveCfg = Debug|Any CPU
		{D738A649-D36B-46FA-A0D8-C9FB34547BF9}.Debug|ARM.Build.0 = Debug|Any CPU
		{D738A649-D36B-46FA-A0D8-C9FB34547BF9}.Debug|ARM.Deploy.0 = Debug|Any CPU
		{D738A649-D36B-46FA-A0D8-C9FB34547BF9}.Debug|iPhone.ActiveCfg = Debug|Any CPU
		{D738A649-D36B-46FA-A0D8-C9FB34547BF9}.Debug|iPhone.Build.0 = Debug|Any CPU
		{D738A649-D36B-46FA-A0D8-C9FB34547BF9}.Debug|iPhone.Deploy.0 = Debug|Any CPU
		{D738A649-D36B-46FA-A0D8-C9FB34547BF9}.Debug|iPhoneSimulator.ActiveCfg = Debug|Any CPU
		{D738A649-D36B-46FA-A0D8-C9FB34547BF9}.Debug|iPhoneSimulator.Build.0 = Debug|Any CPU
		{D738A649-D36B-46FA-A0D8-C9FB34547BF9}.Debug|iPhoneSimulator.Deploy.0 = Debug|Any CPU
		{D738A649-D36B-46FA-A0D8-C9FB34547BF9}.Debug|x64.ActiveCfg = Debug|Any CPU
		{D738A649-D36B-46FA-A0D8-C9FB34547BF9}.Debug|x64.Build.0 = Debug|Any CPU
		{D738A649-D36B-46FA-A0D8-C9FB34547BF9}.Debug|x64.Deploy.0 = Debug|Any CPU
		{D738A649-D36B-46FA-A0D8-C9FB34547BF9}.Debug|x86.ActiveCfg = Debug|Any CPU
		{D738A649-D36B-46FA-A0D8-C9FB34547BF9}.Debug|x86.Build.0 = Debug|Any CPU
		{D738A649-D36B-46FA-A0D8-C9FB34547BF9}.Debug|x86.Deploy.0 = Debug|Any CPU
		{D738A649-D36B-46FA-A0D8-C9FB34547BF9}.Release|Any CPU.ActiveCfg = Release|Any CPU
		{D738A649-D36B-46FA-A0D8-C9FB34547BF9}.Release|Any CPU.Build.0 = Release|Any CPU
		{D738A649-D36B-46FA-A0D8-C9FB34547BF9}.Release|Any CPU.Deploy.0 = Release|Any CPU
		{D738A649-D36B-46FA-A0D8-C9FB34547BF9}.Release|ARM.ActiveCfg = Release|Any CPU
		{D738A649-D36B-46FA-A0D8-C9FB34547BF9}.Release|ARM.Build.0 = Release|Any CPU
		{D738A649-D36B-46FA-A0D8-C9FB34547BF9}.Release|ARM.Deploy.0 = Release|Any CPU
		{D738A649-D36B-46FA-A0D8-C9FB34547BF9}.Release|iPhone.ActiveCfg = Release|Any CPU
		{D738A649-D36B-46FA-A0D8-C9FB34547BF9}.Release|iPhone.Build.0 = Release|Any CPU
		{D738A649-D36B-46FA-A0D8-C9FB34547BF9}.Release|iPhone.Deploy.0 = Release|Any CPU
		{D738A649-D36B-46FA-A0D8-C9FB34547BF9}.Release|iPhoneSimulator.ActiveCfg = Release|Any CPU
		{D738A649-D36B-46FA-A0D8-C9FB34547BF9}.Release|iPhoneSimulator.Build.0 = Release|Any CPU
		{D738A649-D36B-46FA-A0D8-C9FB34547BF9}.Release|iPhoneSimulator.Deploy.0 = Release|Any CPU
		{D738A649-D36B-46FA-A0D8-C9FB34547BF9}.Release|x64.ActiveCfg = Release|Any CPU
		{D738A649-D36B-46FA-A0D8-C9FB34547BF9}.Release|x64.Build.0 = Release|Any CPU
		{D738A649-D36B-46FA-A0D8-C9FB34547BF9}.Release|x64.Deploy.0 = Release|Any CPU
		{D738A649-D36B-46FA-A0D8-C9FB34547BF9}.Release|x86.ActiveCfg = Release|Any CPU
		{D738A649-D36B-46FA-A0D8-C9FB34547BF9}.Release|x86.Build.0 = Release|Any CPU
		{D738A649-D36B-46FA-A0D8-C9FB34547BF9}.Release|x86.Deploy.0 = Release|Any CPU
	EndGlobalSection
	GlobalSection(SolutionProperties) = preSolution
		HideSolutionNode = FALSE
	EndGlobalSection
	GlobalSection(ExtensibilityGlobals) = postSolution
		SolutionGuid = {802C326F-7F19-4F48-BCE4-68941B5BE51B}
	EndGlobalSection
EndGlobal
